
Microsoft Visual Studio Solution File, Format Version 12.00
# Visual Studio Version 16
VisualStudioVersion = 16.0.30413.136
MinimumVisualStudioVersion = 10.0.40219.1
Project("{9A19103F-16F7-4668-BE54-9A1E7A4F7556}") = "WebAPIApp", "WebAPIApp\WebAPIApp.csproj", "{53176328-7FA9-4672-A39F-6593FF661AB9}"
EndProject
Global
	GlobalSection(SolutionConfigurationPlatforms) = preSolution
		Debug|Any CPU = Debug|Any CPU
		Release|Any CPU = Release|Any CPU
	EndGlobalSection
	GlobalSection(ProjectConfigurationPlatforms) = postSolution
		{53176328-7FA9-4672-A39F-6593FF661AB9}.Debug|Any CPU.ActiveCfg = Debug|Any CPU
		{53176328-7FA9-4672-A39F-6593FF661AB9}.Debug|Any CPU.Build.0 = Debug|Any CPU
		{53176328-7FA9-4672-A39F-6593FF661AB9}.Release|Any CPU.ActiveCfg = Release|Any CPU
		{53176328-7FA9-4672-A39F-6593FF661AB9}.Release|Any CPU.Build.0 = Release|Any CPU
	EndGlobalSection
	GlobalSection(SolutionProperties) = preSolution
		HideSolutionNode = FALSE
	EndGlobalSection
	GlobalSection(ExtensibilityGlobals) = postSolution
		SolutionGuid = {934F7EE8-B878-41A3-BBA6-E4766918ACF9}
	EndGlobalSection
EndGlobal
